
Microsoft Visual Studio Solution File, Format Version 12.00
# Visual Studio 2013
VisualStudioVersion = 12.0.31101.0
MinimumVisualStudioVersion = 10.0.40219.1
Project("{FAE04EC0-301F-11D3-BF4B-00C04F79EFBC}") = "Domain", "Domain\Domain.csproj", "{7503DC12-46FC-498A-B9CC-3990548128EB}"
EndProject
Project("{2150E333-8FDC-42A3-9474-1A3956D46DE8}") = ".nuget", ".nuget", "{45B6B734-A222-41E6-9305-29F469B8D123}"
	ProjectSection(SolutionItems) = preProject
		.nuget\NuGet.Config = .nuget\NuGet.Config
		.nuget\NuGet.exe = .nuget\NuGet.exe
		.nuget\NuGet.targets = .nuget\NuGet.targets
		.nuget\packages.config = .nuget\packages.config
	EndProjectSection
EndProject
Project("{FAE04EC0-301F-11D3-BF4B-00C04F79EFBC}") = "Domain.Test.Integration", "Domain.Test.Integration\Domain.Test.Integration.csproj", "{572D77C9-D9E3-4643-B1FC-B889A7722366}"
EndProject
Project("{FAE04EC0-301F-11D3-BF4B-00C04F79EFBC}") = "Messages", "Messages\Messages.csproj", "{DB1267E4-D22A-482F-98D6-78C774078AEF}"
EndProject
Project("{FAE04EC0-301F-11D3-BF4B-00C04F79EFBC}") = "Host", "Host\Host.csproj", "{F98D334F-4433-4AD6-8A39-A073AB49040D}"
EndProject
Project("{2150E333-8FDC-42A3-9474-1A3956D46DE8}") = "NServiceBus", "NServiceBus", "{28F3A533-E0FF-491A-98C3-DFEA724252CF}"
EndProject
Project("{FAE04EC0-301F-11D3-BF4B-00C04F79EFBC}") = "Handlers", "Handlers\Handlers.csproj", "{9F9712D8-486D-4654-AC19-C6E9BEAEC0AB}"
EndProject
Project("{2150E333-8FDC-42A3-9474-1A3956D46DE8}") = "Tests", "Tests", "{5D9663AD-49A9-4242-8301-1EC20C8959FE}"
EndProject
Project("{FAE04EC0-301F-11D3-BF4B-00C04F79EFBC}") = "Handlers.Tests", "Handlers.Tests\Handlers.Tests.csproj", "{0924613A-740C-4FE7-9D04-25C7B36A3F47}"
EndProject
Global
	GlobalSection(SolutionConfigurationPlatforms) = preSolution
		Debug|Any CPU = Debug|Any CPU
		Release|Any CPU = Release|Any CPU
	EndGlobalSection
	GlobalSection(ProjectConfigurationPlatforms) = postSolution
		{7503DC12-46FC-498A-B9CC-3990548128EB}.Debug|Any CPU.ActiveCfg = Debug|Any CPU
		{7503DC12-46FC-498A-B9CC-3990548128EB}.Debug|Any CPU.Build.0 = Debug|Any CPU
		{7503DC12-46FC-498A-B9CC-3990548128EB}.Release|Any CPU.ActiveCfg = Release|Any CPU
		{7503DC12-46FC-498A-B9CC-3990548128EB}.Release|Any CPU.Build.0 = Release|Any CPU
		{572D77C9-D9E3-4643-B1FC-B889A7722366}.Debug|Any CPU.ActiveCfg = Debug|Any CPU
		{572D77C9-D9E3-4643-B1FC-B889A7722366}.Debug|Any CPU.Build.0 = Debug|Any CPU
		{572D77C9-D9E3-4643-B1FC-B889A7722366}.Release|Any CPU.ActiveCfg = Release|Any CPU
		{572D77C9-D9E3-4643-B1FC-B889A7722366}.Release|Any CPU.Build.0 = Release|Any CPU
		{DB1267E4-D22A-482F-98D6-78C774078AEF}.Debug|Any CPU.ActiveCfg = Debug|Any CPU
		{DB1267E4-D22A-482F-98D6-78C774078AEF}.Debug|Any CPU.Build.0 = Debug|Any CPU
		{DB1267E4-D22A-482F-98D6-78C774078AEF}.Release|Any CPU.ActiveCfg = Release|Any CPU
		{DB1267E4-D22A-482F-98D6-78C774078AEF}.Release|Any CPU.Build.0 = Release|Any CPU
		{F98D334F-4433-4AD6-8A39-A073AB49040D}.Debug|Any CPU.ActiveCfg = Debug|Any CPU
		{F98D334F-4433-4AD6-8A39-A073AB49040D}.Debug|Any CPU.Build.0 = Debug|Any CPU
		{F98D334F-4433-4AD6-8A39-A073AB49040D}.Release|Any CPU.ActiveCfg = Release|Any CPU
		{F98D334F-4433-4AD6-8A39-A073AB49040D}.Release|Any CPU.Build.0 = Release|Any CPU
		{9F9712D8-486D-4654-AC19-C6E9BEAEC0AB}.Debug|Any CPU.ActiveCfg = Debug|Any CPU
		{9F9712D8-486D-4654-AC19-C6E9BEAEC0AB}.Debug|Any CPU.Build.0 = Debug|Any CPU
		{9F9712D8-486D-4654-AC19-C6E9BEAEC0AB}.Release|Any CPU.ActiveCfg = Release|Any CPU
		{9F9712D8-486D-4654-AC19-C6E9BEAEC0AB}.Release|Any CPU.Build.0 = Release|Any CPU
		{0924613A-740C-4FE7-9D04-25C7B36A3F47}.Debug|Any CPU.ActiveCfg = Debug|Any CPU
		{0924613A-740C-4FE7-9D04-25C7B36A3F47}.Debug|Any CPU.Build.0 = Debug|Any CPU
		{0924613A-740C-4FE7-9D04-25C7B36A3F47}.Release|Any CPU.ActiveCfg = Release|Any CPU
		{0924613A-740C-4FE7-9D04-25C7B36A3F47}.Release|Any CPU.Build.0 = Release|Any CPU
	EndGlobalSection
	GlobalSection(SolutionProperties) = preSolution
		HideSolutionNode = FALSE
	EndGlobalSection
	GlobalSection(NestedProjects) = preSolution
		{572D77C9-D9E3-4643-B1FC-B889A7722366} = {5D9663AD-49A9-4242-8301-1EC20C8959FE}
		{DB1267E4-D22A-482F-98D6-78C774078AEF} = {28F3A533-E0FF-491A-98C3-DFEA724252CF}
		{F98D334F-4433-4AD6-8A39-A073AB49040D} = {28F3A533-E0FF-491A-98C3-DFEA724252CF}
		{9F9712D8-486D-4654-AC19-C6E9BEAEC0AB} = {28F3A533-E0FF-491A-98C3-DFEA724252CF}
		{0924613A-740C-4FE7-9D04-25C7B36A3F47} = {5D9663AD-49A9-4242-8301-1EC20C8959FE}
	EndGlobalSection
EndGlobal
